{
  "version": 4,
  "terraform_version": "1.11.2",
  "serial": 51,
  "lineage": "c0083cb1-da62-e7dd-2f1f-dc1b49e4a10f",
  "outputs": {
    "ecr_repository_url": {
      "value": "258632448142.dkr.ecr.ap-northeast-1.amazonaws.com/nestjs-hannibal-3",
      "type": "string"
    },
    "ecs_cluster_name": {
      "value": "nestjs-hannibal-3-cluster",
      "type": "string"
    }
  },
  "resources": [
    {
      "mode": "data",
      "type": "aws_subnets",
      "name": "public",
      "provider": "provider[\"registry.terraform.io/hashicorp/aws\"]",
      "instances": [
        {
          "schema_version": 0,
          "attributes": {
            "filter": [
              {
                "name": "vpc-id",
                "values": [
                  "vpc-0ee3f7a7b539cb9b8"
                ]
              }
            ],
            "id": "ap-northeast-1",
            "ids": [
              "subnet-094fb627640013bb3",
              "subnet-07acf878cc4f1e84c",
              "subnet-074caf32ce48abb25"
            ],
            "tags": null,
            "timeouts": null
          },
          "sensitive_attributes": []
        }
      ]
    },
    {
      "mode": "data",
      "type": "aws_vpc",
      "name": "selected",
      "provider": "provider[\"registry.terraform.io/hashicorp/aws\"]",
      "instances": [
        {
          "schema_version": 0,
          "attributes": {
            "arn": "arn:aws:ec2:ap-northeast-1:258632448142:vpc/vpc-0ee3f7a7b539cb9b8",
            "cidr_block": "172.31.0.0/16",
            "cidr_block_associations": [
              {
                "association_id": "vpc-cidr-assoc-01484c8f9b0559dd0",
                "cidr_block": "172.31.0.0/16",
                "state": "associated"
              }
            ],
            "default": true,
            "dhcp_options_id": "dopt-0fb18a71980f8ed0e",
            "enable_dns_hostnames": true,
            "enable_dns_support": true,
            "enable_network_address_usage_metrics": false,
            "filter": null,
            "id": "vpc-0ee3f7a7b539cb9b8",
            "instance_tenancy": "default",
            "ipv6_association_id": "",
            "ipv6_cidr_block": "",
            "main_route_table_id": "rtb-07ec000d2abfc0df5",
            "owner_id": "258632448142",
            "state": null,
            "tags": {},
            "timeouts": null
          },
          "sensitive_attributes": []
        }
      ]
    },
    {
      "mode": "managed",
      "type": "aws_ecs_cluster",
      "name": "main",
      "provider": "provider[\"registry.terraform.io/hashicorp/aws\"]",
      "instances": [
        {
          "schema_version": 0,
          "attributes": {
            "arn": "arn:aws:ecs:ap-northeast-1:258632448142:cluster/nestjs-hannibal-3-cluster",
            "configuration": [],
            "id": "arn:aws:ecs:ap-northeast-1:258632448142:cluster/nestjs-hannibal-3-cluster",
            "name": "nestjs-hannibal-3-cluster",
            "service_connect_defaults": [],
            "setting": [
              {
                "name": "containerInsights",
                "value": "disabled"
              }
            ],
            "tags": null,
            "tags_all": {}
          },
          "sensitive_attributes": [],
          "private": "bnVsbA=="
        }
      ]
    }
  ],
  "check_results": null
}
